<?xml version="1.0" encoding="utf-8"?>
<Project ToolsVersion="17.0" xmlns="http://schemas.microsoft.com/developer/msbuild/2003">
  <ItemGroup>
    <ClCompile Include="E:\PeleLMeX_Dev\buildHotBubble\Submodules\PelePhysics\Submodules\sundials\POSIX_TIMER_TEST\ltest.c">
      <Filter>Source Files</Filter>
    </ClCompile>
  </ItemGroup>
  <ItemGroup>
    <CustomBuild Include="E:\PeleLMeX_Dev\buildHotBubble\Submodules\PelePhysics\Submodules\sundials\POSIX_TIMER_TEST\CMakeLists.txt" />
  </ItemGroup>
  <ItemGroup>
    <Filter Include="Source Files">
      <UniqueIdentifier>{1B91BC6F-874F-373E-BD61-5F9A1AA77E0E}</UniqueIdentifier>
    </Filter>
  </ItemGroup>
</Project>
